// !$*UTF8*$!
{
	archiveVersion = 1;
	classes = {
	};
	objectVersion = 46;
	objects = {

/* Begin PBXBuildFile section */
		2016DD0619455E0100A186D7 /* Shot.swift in Sources */ = {isa = PBXBuildFile; fileRef = 2016DD0519455E0100A186D7 /* Shot.swift */; };
		206FE299194547A4000EA9E4 /* AppDelegate.swift in Sources */ = {isa = PBXBuildFile; fileRef = 206FE298194547A4000EA9E4 /* AppDelegate.swift */; };
		206FE29B194547A4000EA9E4 /* ShotsListViewController.swift in Sources */ = {isa = PBXBuildFile; fileRef = 206FE29A194547A4000EA9E4 /* ShotsListViewController.swift */; };
		206FE29E194547A4000EA9E4 /* Main.storyboard in Resources */ = {isa = PBXBuildFile; fileRef = 206FE29C194547A4000EA9E4 /* Main.storyboard */; };
		206FE2A0194547A4000EA9E4 /* Images.xcassets in Resources */ = {isa = PBXBuildFile; fileRef = 206FE29F194547A4000EA9E4 /* Images.xcassets */; };
		206FE2AC194547A5000EA9E4 /* dribbleClientTests.swift in Sources */ = {isa = PBXBuildFile; fileRef = 206FE2AB194547A5000EA9E4 /* dribbleClientTests.swift */; };
		206FE2B619454A38000EA9E4 /* ShotTableViewCell.swift in Sources */ = {isa = PBXBuildFile; fileRef = 206FE2B519454A38000EA9E4 /* ShotTableViewCell.swift */; };
		2E90B794A2C54FCB8E976D4C /* libPods.a in Frameworks */ = {isa = PBXBuildFile; fileRef = 1624B5AC30D74A6FA3D10EBA /* libPods.a */; };
/* End PBXBuildFile section */

/* Begin PBXContainerItemProxy section */
		206FE2A6194547A5000EA9E4 /* PBXContainerItemProxy */ = {
			isa = PBXContainerItemProxy;
			containerPortal = 206FE28B194547A4000EA9E4 /* Project object */;
			proxyType = 1;
			remoteGlobalIDString = 206FE292194547A4000EA9E4;
			remoteInfo = dribbleClient;
		};
/* End PBXContainerItemProxy section */

/* Begin PBXFileReference section */
		1624B5AC30D74A6FA3D10EBA /* libPods.a */ = {isa = PBXFileReference; explicitFileType = archive.ar; includeInIndex = 0; path = libPods.a; sourceTree = BUILT_PRODUCTS_DIR; };
		2016DD0519455E0100A186D7 /* Shot.swift */ = {isa = PBXFileReference; fileEncoding = 4; lastKnownFileType = sourcecode.swift; path = Shot.swift; sourceTree = "<group>"; };
		2042ABD019454E19005F52B2 /* dribbleClient-Bridging-Header.h */ = {isa = PBXFileReference; lastKnownFileType = sourcecode.c.h; path = "dribbleClient-Bridging-Header.h"; sourceTree = "<group>"; };
		206FE293194547A4000EA9E4 /* dribbleClient.app */ = {isa = PBXFileReference; explicitFileType = wrapper.application; includeInIndex = 0; path = dribbleClient.app; sourceTree = BUILT_PRODUCTS_DIR; };
		206FE297194547A4000EA9E4 /* Info.plist */ = {isa = PBXFileReference; lastKnownFileType = text.plist.xml; path = Info.plist; sourceTree = "<group>"; };
		206FE298194547A4000EA9E4 /* AppDelegate.swift */ = {isa = PBXFileReference; lastKnownFileType = sourcecode.swift; path = AppDelegate.swift; sourceTree = "<group>"; };
		206FE29A194547A4000EA9E4 /* ShotsListViewController.swift */ = {isa = PBXFileReference; lastKnownFileType = sourcecode.swift; path = ShotsListViewController.swift; sourceTree = "<group>"; };
		206FE29D194547A4000EA9E4 /* Base */ = {isa = PBXFileReference; lastKnownFileType = file.storyboard; name = Base; path = Base.lproj/Main.storyboard; sourceTree = "<group>"; };
		206FE29F194547A4000EA9E4 /* Images.xcassets */ = {isa = PBXFileReference; lastKnownFileType = folder.assetcatalog; path = Images.xcassets; sourceTree = "<group>"; };
		206FE2A5194547A5000EA9E4 /* dribbleClientTests.xctest */ = {isa = PBXFileReference; explicitFileType = wrapper.cfbundle; includeInIndex = 0; path = dribbleClientTests.xctest; sourceTree = BUILT_PRODUCTS_DIR; };
		206FE2AA194547A5000EA9E4 /* Info.plist */ = {isa = PBXFileReference; lastKnownFileType = text.plist.xml; path = Info.plist; sourceTree = "<group>"; };
		206FE2AB194547A5000EA9E4 /* dribbleClientTests.swift */ = {isa = PBXFileReference; lastKnownFileType = sourcecode.swift; path = dribbleClientTests.swift; sourceTree = "<group>"; };
		206FE2B519454A38000EA9E4 /* ShotTableViewCell.swift */ = {isa = PBXFileReference; fileEncoding = 4; lastKnownFileType = sourcecode.swift; path = ShotTableViewCell.swift; sourceTree = "<group>"; };
		CBD91607754247A18DA77AC3 /* Pods.xcconfig */ = {isa = PBXFileReference; includeInIndex = 1; lastKnownFileType = text.xcconfig; name = Pods.xcconfig; path = Pods/Pods.xcconfig; sourceTree = "<group>"; };
/* End PBXFileReference section */

/* Begin PBXFrameworksBuildPhase section */
		206FE290194547A4000EA9E4 /* Frameworks */ = {
			isa = PBXFrameworksBuildPhase;
			buildActionMask = 2147483647;
			files = (
				2E90B794A2C54FCB8E976D4C /* libPods.a in Frameworks */,
			);
			runOnlyForDeploymentPostprocessing = 0;
		};
		206FE2A2194547A5000EA9E4 /* Frameworks */ = {
			isa = PBXFrameworksBuildPhase;
			buildActionMask = 2147483647;
			files = (
			);
			runOnlyForDeploymentPostprocessing = 0;
		};
/* End PBXFrameworksBuildPhase section */

/* Begin PBXGroup section */
		0A2D81EA3D2847258C69F31C /* Frameworks */ = {
			isa = PBXGroup;
			children = (
				1624B5AC30D74A6FA3D10EBA /* libPods.a */,
			);
			name = Frameworks;
			sourceTree = "<group>";
		};
		206FE28A194547A4000EA9E4 = {
			isa = PBXGroup;
			children = (
				206FE295194547A4000EA9E4 /* dribbleClient */,
				206FE2A8194547A5000EA9E4 /* dribbleClientTests */,
				206FE294194547A4000EA9E4 /* Products */,
				CBD91607754247A18DA77AC3 /* Pods.xcconfig */,
				0A2D81EA3D2847258C69F31C /* Frameworks */,
			);
			sourceTree = "<group>";
		};
		206FE294194547A4000EA9E4 /* Products */ = {
			isa = PBXGroup;
			children = (
				206FE293194547A4000EA9E4 /* dribbleClient.app */,
				206FE2A5194547A5000EA9E4 /* dribbleClientTests.xctest */,
			);
			name = Products;
			sourceTree = "<group>";
		};
		206FE295194547A4000EA9E4 /* dribbleClient */ = {
			isa = PBXGroup;
			children = (
				206FE298194547A4000EA9E4 /* AppDelegate.swift */,
				206FE2B519454A38000EA9E4 /* ShotTableViewCell.swift */,
				206FE29A194547A4000EA9E4 /* ShotsListViewController.swift */,
				206FE29C194547A4000EA9E4 /* Main.storyboard */,
				206FE29F194547A4000EA9E4 /* Images.xcassets */,
				206FE296194547A4000EA9E4 /* Supporting Files */,
				2042ABD019454E19005F52B2 /* dribbleClient-Bridging-Header.h */,
				2016DD0519455E0100A186D7 /* Shot.swift */,
			);
			path = dribbleClient;
			sourceTree = "<group>";
		};
		206FE296194547A4000EA9E4 /* Supporting Files */ = {
			isa = PBXGroup;
			children = (
				206FE297194547A4000EA9E4 /* Info.plist */,
			);
			name = "Supporting Files";
			sourceTree = "<group>";
		};
		206FE2A8194547A5000EA9E4 /* dribbleClientTests */ = {
			isa = PBXGroup;
			children = (
				206FE2AB194547A5000EA9E4 /* dribbleClientTests.swift */,
				206FE2A9194547A5000EA9E4 /* Supporting Files */,
			);
			path = dribbleClientTests;
			sourceTree = "<group>";
		};
		206FE2A9194547A5000EA9E4 /* Supporting Files */ = {
			isa = PBXGroup;
			children = (
				206FE2AA194547A5000EA9E4 /* Info.plist */,
			);
			name = "Supporting Files";
			sourceTree = "<group>";
		};
/* End PBXGroup section */

/* Begin PBXNativeTarget section */
		206FE292194547A4000EA9E4 /* dribbleClient */ = {
			isa = PBXNativeTarget;
			buildConfigurationList = 206FE2AF194547A5000EA9E4 /* Build configuration list for PBXNativeTarget "dribbleClient" */;
			buildPhases = (
				CC78D38080784E65B174D262 /* Check Pods Manifest.lock */,
				206FE28F194547A4000EA9E4 /* Sources */,
				206FE290194547A4000EA9E4 /* Frameworks */,
				206FE291194547A4000EA9E4 /* Resources */,
				9ACF84F43BAA4864957726DA /* Copy Pods Resources */,
			);
			buildRules = (
			);
			dependencies = (
			);
			name = dribbleClient;
			productName = dribbleClient;
			productReference = 206FE293194547A4000EA9E4 /* dribbleClient.app */;
			productType = "com.apple.product-type.application";
		};
		206FE2A4194547A5000EA9E4 /* dribbleClientTests */ = {
			isa = PBXNativeTarget;
			buildConfigurationList = 206FE2B2194547A5000EA9E4 /* Build configuration list for PBXNativeTarget "dribbleClientTests" */;
			buildPhases = (
				206FE2A1194547A5000EA9E4 /* Sources */,
				206FE2A2194547A5000EA9E4 /* Frameworks */,
				206FE2A3194547A5000EA9E4 /* Resources */,
			);
			buildRules = (
			);
			dependencies = (
				206FE2A7194547A5000EA9E4 /* PBXTargetDependency */,
			);
			name = dribbleClientTests;
			productName = dribbleClientTests;
			productReference = 206FE2A5194547A5000EA9E4 /* dribbleClientTests.xctest */;
			productType = "com.apple.product-type.bundle.unit-test";
		};
/* End PBXNativeTarget section */

/* Begin PBXProject section */
		206FE28B194547A4000EA9E4 /* Project object */ = {
			isa = PBXProject;
			attributes = {
				LastUpgradeCheck = 0600;
				ORGANIZATIONNAME = "Thiago Lioy";
				TargetAttributes = {
					206FE292194547A4000EA9E4 = {
						CreatedOnToolsVersion = 6.0;
					};
					206FE2A4194547A5000EA9E4 = {
						CreatedOnToolsVersion = 6.0;
						TestTargetID = 206FE292194547A4000EA9E4;
					};
				};
			};
			buildConfigurationList = 206FE28E194547A4000EA9E4 /* Build configuration list for PBXProject "dribbleClient" */;
			compatibilityVersion = "Xcode 3.2";
			developmentRegion = English;
			hasScannedForEncodings = 0;
			knownRegions = (
				en,
				Base,
			);
			mainGroup = 206FE28A194547A4000EA9E4;
			productRefGroup = 206FE294194547A4000EA9E4 /* Products */;
			projectDirPath = "";
			projectRoot = "";
			targets = (
				206FE292194547A4000EA9E4 /* dribbleClient */,
				206FE2A4194547A5000EA9E4 /* dribbleClientTests */,
			);
		};
/* End PBXProject section */

/* Begin PBXResourcesBuildPhase section */
		206FE291194547A4000EA9E4 /* Resources */ = {
			isa = PBXResourcesBuildPhase;
			buildActionMask = 2147483647;
			files = (
				206FE29E194547A4000EA9E4 /* Main.storyboard in Resources */,
				206FE2A0194547A4000EA9E4 /* Images.xcassets in Resources */,
			);
			runOnlyForDeploymentPostprocessing = 0;
		};
		206FE2A3194547A5000EA9E4 /* Resources */ = {
			isa = PBXResourcesBuildPhase;
			buildActionMask = 2147483647;
			files = (
			);
			runOnlyForDeploymentPostprocessing = 0;
		};
/* End PBXResourcesBuildPhase section */

/* Begin PBXShellScriptBuildPhase section */
		9ACF84F43BAA4864957726DA /* Copy Pods Resources */ = {
			isa = PBXShellScriptBuildPhase;
			buildActionMask = 2147483647;
			files = (
			);
			inputPaths = (
			);
			name = "Copy Pods Resources";
			outputPaths = (
			);
			runOnlyForDeploymentPostprocessing = 0;
			shellPath = /bin/sh;
			shellScript = "\"${SRCROOT}/Pods/Pods-resources.sh\"\n";
			showEnvVarsInLog = 0;
		};
		CC78D38080784E65B174D262 /* Check Pods Manifest.lock */ = {
			isa = PBXShellScriptBuildPhase;
			buildActionMask = 2147483647;
			files = (
			);
			inputPaths = (
			);
			name = "Check Pods Manifest.lock";
			outputPaths = (
			);
			runOnlyForDeploymentPostprocessing = 0;
			shellPath = /bin/sh;
			shellScript = "diff \"${PODS_ROOT}/../Podfile.lock\" \"${PODS_ROOT}/Manifest.lock\" > /dev/null\nif [[ $? != 0 ]] ; then\n    cat << EOM\nerror: The sandbox is not in sync with the Podfile.lock. Run 'pod install' or update your CocoaPods installation.\nEOM\n    exit 1\nfi\n";
			showEnvVarsInLog = 0;
		};
/* End PBXShellScriptBuildPhase section */

/* Begin PBXSourcesBuildPhase section */
		206FE28F194547A4000EA9E4 /* Sources */ = {
			isa = PBXSourcesBuildPhase;
			buildActionMask = 2147483647;
			files = (
				206FE29B194547A4000EA9E4 /* ShotsListViewController.swift in Sources */,
				206FE299194547A4000EA9E4 /* AppDelegate.swift in Sources */,
				206FE2B619454A38000EA9E4 /* ShotTableViewCell.swift in Sources */,
				2016DD0619455E0100A186D7 /* Shot.swift in Sources */,
			);
			runOnlyForDeploymentPostprocessing = 0;
		};
		206FE2A1194547A5000EA9E4 /* Sources */ = {
			isa = PBXSourcesBuildPhase;
			buildActionMask = 2147483647;
			files = (
				206FE2AC194547A5000EA9E4 /* dribbleClientTests.swift in Sources */,
			);
			runOnlyForDeploymentPostprocessing = 0;
		};
/* End PBXSourcesBuildPhase section */

/* Begin PBXTargetDependency section */
		206FE2A7194547A5000EA9E4 /* PBXTargetDependency */ = {
			isa = PBXTargetDependency;
			target = 206FE292194547A4000EA9E4 /* dribbleClient */;
			targetProxy = 206FE2A6194547A5000EA9E4 /* PBXContainerItemProxy */;
		};
/* End PBXTargetDependency section */

/* Begin PBXVariantGroup section */
		206FE29C194547A4000EA9E4 /* Main.storyboard */ = {
			isa = PBXVariantGroup;
			children = (
				206FE29D194547A4000EA9E4 /* Base */,
			);
			name = Main.storyboard;
			sourceTree = "<group>";
		};
/* End PBXVariantGroup section */

/* Begin XCBuildConfiguration section */
		206FE2AD194547A5000EA9E4 /* Debug */ = {
			isa = XCBuildConfiguration;
			buildSettings = {
				ALWAYS_SEARCH_USER_PATHS = NO;
				CLANG_CXX_LANGUAGE_STANDARD = "gnu++0x";
				CLANG_CXX_LIBRARY = "libc++";
				CLANG_ENABLE_MODULES = YES;
				CLANG_ENABLE_OBJC_ARC = YES;
				CLANG_WARN_BOOL_CONVERSION = YES;
				CLANG_WARN_CONSTANT_CONVERSION = YES;
				CLANG_WARN_DIRECT_OBJC_ISA_USAGE = YES_ERROR;
				CLANG_WARN_EMPTY_BODY = YES;
				CLANG_WARN_ENUM_CONVERSION = YES;
				CLANG_WARN_INT_CONVERSION = YES;
				CLANG_WARN_OBJC_ROOT_CLASS = YES_ERROR;
				CLANG_WARN_UNREACHABLE_CODE = YES;
				CLANG_WARN__DUPLICATE_METHOD_MATCH = YES;
				"CODE_SIGN_IDENTITY[sdk=iphoneos*]" = "iPhone Developer";
				COPY_PHASE_STRIP = NO;
				ENABLE_STRICT_OBJC_MSGSEND = YES;
				GCC_C_LANGUAGE_STANDARD = gnu99;
				GCC_DYNAMIC_NO_PIC = NO;
				GCC_OPTIMIZATION_LEVEL = 0;
				GCC_PREPROCESSOR_DEFINITIONS = (
					"DEBUG=1",
					"$(inherited)",
				);
				GCC_SYMBOLS_PRIVATE_EXTERN = NO;
				GCC_WARN_64_TO_32_BIT_CONVERSION = YES;
				GCC_WARN_ABOUT_RETURN_TYPE = YES_ERROR;
				GCC_WARN_UNDECLARED_SELECTOR = YES;
				GCC_WARN_UNINITIALIZED_AUTOS = YES_AGGRESSIVE;
				GCC_WARN_UNUSED_FUNCTION = YES;
				GCC_WARN_UNUSED_VARIABLE = YES;
				IPHONEOS_DEPLOYMENT_TARGET = 8.0;
				METAL_ENABLE_DEBUG_INFO = YES;
				ONLY_ACTIVE_ARCH = YES;
				SDKROOT = iphoneos;
				SWIFT_OPTIMIZATION_LEVEL = "-Onone";
			};
			name = Debug;
		};
		206FE2AE194547A5000EA9E4 /* Release */ = {
			isa = XCBuildConfiguration;
			buildSettings = {
				ALWAYS_SEARCH_USER_PATHS = NO;
				CLANG_CXX_LANGUAGE_STANDARD = "gnu++0x";
				CLANG_CXX_LIBRARY = "libc++";
				CLANG_ENABLE_MODULES = YES;
				CLANG_ENABLE_OBJC_ARC = YES;
				CLANG_WARN_BOOL_CONVERSION = YES;
				CLANG_WARN_CONSTANT_CONVERSION = YES;
				CLANG_WARN_DIRECT_OBJC_ISA_USAGE = YES_ERROR;
				CLANG_WARN_EMPTY_BODY = YES;
				CLANG_WARN_ENUM_CONVERSION = YES;
				CLANG_WARN_INT_CONVERSION = YES;
				CLANG_WARN_OBJC_ROOT_CLASS = YES_ERROR;
				CLANG_WARN_UNREACHABLE_CODE = YES;
				CLANG_WARN__DUPLICATE_METHOD_MATCH = YES;
				"CODE_SIGN_IDENTITY[sdk=iphoneos*]" = "iPhone Developer";
				COPY_PHASE_STRIP = YES;
				ENABLE_NS_ASSERTIONS = NO;
				ENABLE_STRICT_OBJC_MSGSEND = YES;
				GCC_C_LANGUAGE_STANDARD = gnu99;
				GCC_WARN_64_TO_32_BIT_CONVERSION = YES;
				GCC_WARN_ABOUT_RETURN_TYPE = YES_ERROR;
				GCC_WARN_UNDECLARED_SELECTOR = YES;
				GCC_WARN_UNINITIALIZED_AUTOS = YES_AGGRESSIVE;
				GCC_WARN_UNUSED_FUNCTION = YES;
				GCC_WARN_UNUSED_VARIABLE = YES;
				IPHONEOS_DEPLOYMENT_TARGET = 8.0;
				METAL_ENABLE_DEBUG_INFO = NO;
				SDKROOT = iphoneos;
				VALIDATE_PRODUCT = YES;
			};
			name = Release;
		};
		206FE2B0194547A5000EA9E4 /* Debug */ = {
			isa = XCBuildConfiguration;
			baseConfigurationReference = CBD91607754247A18DA77AC3 /* Pods.xcconfig */;
			buildSettings = {
				ASSETCATALOG_COMPILER_APPICON_NAME = AppIcon;
				ASSETCATALOG_COMPILER_LAUNCHIMAGE_NAME = LaunchImage;
				CLANG_ENABLE_MODULES = YES;
				INFOPLIST_FILE = dribbleClient/Info.plist;
				LD_RUNPATH_SEARCH_PATHS = "$(inherited) @executable_path/Frameworks";
				PRODUCT_NAME = "$(TARGET_NAME)";
				SWIFT_OBJC_BRIDGING_HEADER = "dribbleClient/dribbleClient-Bridging-Header.h";
				SWIFT_OPTIMIZATION_LEVEL = "-Onone";
			};
			name = Debug;
		};
		206FE2B1194547A5000EA9E4 /* Release */ = {
			isa = XCBuildConfiguration;
			baseConfigurationReference = CBD91607754247A18DA77AC3 /* Pods.xcconfig */;
			buildSettings = {
				ASSETCATALOG_COMPILER_APPICON_NAME = AppIcon;
				ASSETCATALOG_COMPILER_LAUNCHIMAGE_NAME = LaunchImage;
				CLANG_ENABLE_MODULES = YES;
				INFOPLIST_FILE = dribbleClient/Info.plist;
				LD_RUNPATH_SEARCH_PATHS = "$(inherited) @executable_path/Frameworks";
				PRODUCT_NAME = "$(TARGET_NAME)";
				SWIFT_OBJC_BRIDGING_HEADER = "dribbleClient/dribbleClient-Bridging-Header.h";
			};
			name = Release;
		};
		206FE2B3194547A5000EA9E4 /* Debug */ = {
			isa = XCBuildConfiguration;
			buildSettings = {
				BUNDLE_LOADER = "$(BUILT_PRODUCTS_DIR)/dribbleClient.app/dribbleClient";
				FRAMEWORK_SEARCH_PATHS = (
					"$(SDKROOT)/Developer/Library/Frameworks",
					"$(inherited)",
				);
				GCC_PREPROCESSOR_DEFINITIONS = (
					"DEBUG=1",
					"$(inherited)",
				);
				INFOPLIST_FILE = dribbleClientTests/Info.plist;
				LD_RUNPATH_SEARCH_PATHS = "$(inherited) @executable_path/Frameworks @loader_path/Frameworks";
				METAL_ENABLE_DEBUG_INFO = YES;
				PRODUCT_NAME = "$(TARGET_NAME)";
				TEST_HOST = "$(BUNDLE_LOADER)";
			};
			name = Debug;
		};
		206FE2B4194547A5000EA9E4 /* Release */ = {
			isa = XCBuildConfiguration;
			buildSettings = {
				BUNDLE_LOADER = "$(BUILT_PRODUCTS_DIR)/dribbleClient.app/dribbleClient";
				FRAMEWORK_SEARCH_PATHS = (
					"$(SDKROOT)/Developer/Library/Frameworks",
					"$(inherited)",
				);
				INFOPLIST_FILE = dribbleClientTests/Info.plist;
				LD_RUNPATH_SEARCH_PATHS = "$(inherited) @executable_path/Frameworks @loader_path/Frameworks";
				METAL_ENABLE_DEBUG_INFO = NO;
				PRODUCT_NAME = "$(TARGET_NAME)";
				TEST_HOST = "$(BUNDLE_LOADER)";
			};
			name = Release;
		};
/* End XCBuildConfiguration section */

/* Begin XCConfigurationList section */
		206FE28E194547A4000EA9E4 /* Build configuration list for PBXProject "dribbleClient" */ = {
			isa = XCConfigurationList;
			buildConfigurations = (
				206FE2AD194547A5000EA9E4 /* Debug */,
				206FE2AE194547A5000EA9E4 /* Release */,
			);
			defaultConfigurationIsVisible = 0;
			defaultConfigurationName = Release;
		};
		206FE2AF194547A5000EA9E4 /* Build configuration list for PBXNativeTarget "dribbleClient" */ = {
			isa = XCConfigurationList;
			buildConfigurations = (
				206FE2B0194547A5000EA9E4 /* Debug */,
				206FE2B1194547A5000EA9E4 /* Release */,
			);
			defaultConfigurationIsVisible = 0;
			defaultConfigurationName = Release;
		};
		206FE2B2194547A5000EA9E4 /* Build configuration list for PBXNativeTarget "dribbleClientTests" */ = {
			isa = XCConfigurationList;
			buildConfigurations = (
				206FE2B3194547A5000EA9E4 /* Debug */,
				206FE2B4194547A5000EA9E4 /* Release */,
			);
			defaultConfigurationIsVisible = 0;
			defaultConfigurationName = Release;
		};
/* End XCConfigurationList section */
	};
	rootObject = 206FE28B194547A4000EA9E4 /* Project object */;
}
